// !$*UTF8*$!
{
	archiveVersion = 1;
	classes = {
	};
	objectVersion = 50;
	objects = {

/* Begin PBXBuildFile section */
		E21A2381272442F600D0256C /* AccountManager.swift in Sources */ = {isa = PBXBuildFile; fileRef = E21A2380272442F600D0256C /* AccountManager.swift */; };
		E2484414271FCF1100203603 /* MyAppApp.swift in Sources */ = {isa = PBXBuildFile; fileRef = E2484413271FCF1100203603 /* MyAppApp.swift */; };
		E2484416271FCF1100203603 /* CreateAccountView.swift in Sources */ = {isa = PBXBuildFile; fileRef = E2484415271FCF1100203603 /* CreateAccountView.swift */; };
		E2484418271FCF1900203603 /* Assets.xcassets in Resources */ = {isa = PBXBuildFile; fileRef = E2484417271FCF1900203603 /* Assets.xcassets */; };
		E248441B271FCF1900203603 /* Preview Assets.xcassets in Resources */ = {isa = PBXBuildFile; fileRef = E248441A271FCF1900203603 /* Preview Assets.xcassets */; };
		E26136A32726D284004FC5D3 /* AssertConfig.swift in Sources */ = {isa = PBXBuildFile; fileRef = E26136A22726D284004FC5D3 /* AssertConfig.swift */; };
		E26136AB2726D2A3004FC5D3 /* AssertMagicTool.swift in Sources */ = {isa = PBXBuildFile; fileRef = E26136AA2726D2A3004FC5D3 /* AssertMagicTool.swift */; };
		E27ABCE2272454190057332A /* CreateAccountViewModel.swift in Sources */ = {isa = PBXBuildFile; fileRef = E27ABCE1272454190057332A /* CreateAccountViewModel.swift */; };
		E27ABCEA2724554A0057332A /* AccountValidator.swift in Sources */ = {isa = PBXBuildFile; fileRef = E27ABCE92724554A0057332A /* AccountValidator.swift */; };
		E2B351C92726B60900010357 /* CreateAccountUITests.swift in Sources */ = {isa = PBXBuildFile; fileRef = E2B351C82726B60900010357 /* CreateAccountUITests.swift */; };
		E2B351D92726C94800010357 /* Automator.swift in Sources */ = {isa = PBXBuildFile; fileRef = E2B351D82726C94800010357 /* Automator.swift */; };
		E2B351E02726CAEB00010357 /* CreateAccount.swift in Sources */ = {isa = PBXBuildFile; fileRef = E2B351DF2726CAEB00010357 /* CreateAccount.swift */; };
		E2B351E62726CCE100010357 /* UserInterface.swift in Sources */ = {isa = PBXBuildFile; fileRef = E2B351E52726CCE100010357 /* UserInterface.swift */; };
		E2B351E92726CFD800010357 /* UserInterface.swift in Sources */ = {isa = PBXBuildFile; fileRef = E2B351E52726CCE100010357 /* UserInterface.swift */; };
/* End PBXBuildFile section */

/* Begin PBXContainerItemProxy section */
		E2B351CB2726B60900010357 /* PBXContainerItemProxy */ = {
			isa = PBXContainerItemProxy;
			containerPortal = E2484408271FCF1100203603 /* Project object */;
			proxyType = 1;
			remoteGlobalIDString = E248440F271FCF1100203603;
			remoteInfo = MyApp;
		};
/* End PBXContainerItemProxy section */

/* Begin PBXFileReference section */
		E21A2380272442F600D0256C /* AccountManager.swift */ = {isa = PBXFileReference; lastKnownFileType = sourcecode.swift; path = AccountManager.swift; sourceTree = "<group>"; };
		E2484410271FCF1100203603 /* MyApp.app */ = {isa = PBXFileReference; explicitFileType = wrapper.application; includeInIndex = 0; path = MyApp.app; sourceTree = BUILT_PRODUCTS_DIR; };
		E2484413271FCF1100203603 /* MyAppApp.swift */ = {isa = PBXFileReference; lastKnownFileType = sourcecode.swift; path = MyAppApp.swift; sourceTree = "<group>"; };
		E2484415271FCF1100203603 /* CreateAccountView.swift */ = {isa = PBXFileReference; lastKnownFileType = sourcecode.swift; path = CreateAccountView.swift; sourceTree = "<group>"; };
		E2484417271FCF1900203603 /* Assets.xcassets */ = {isa = PBXFileReference; lastKnownFileType = folder.assetcatalog; path = Assets.xcassets; sourceTree = "<group>"; };
		E248441A271FCF1900203603 /* Preview Assets.xcassets */ = {isa = PBXFileReference; lastKnownFileType = folder.assetcatalog; path = "Preview Assets.xcassets"; sourceTree = "<group>"; };
		E248441C271FCF1900203603 /* Info.plist */ = {isa = PBXFileReference; lastKnownFileType = text.plist.xml; path = Info.plist; sourceTree = "<group>"; };
		E26136A22726D284004FC5D3 /* AssertConfig.swift */ = {isa = PBXFileReference; lastKnownFileType = sourcecode.swift; path = AssertConfig.swift; sourceTree = "<group>"; };
		E26136AA2726D2A3004FC5D3 /* AssertMagicTool.swift */ = {isa = PBXFileReference; lastKnownFileType = sourcecode.swift; path = AssertMagicTool.swift; sourceTree = "<group>"; };
		E27ABCE1272454190057332A /* CreateAccountViewModel.swift */ = {isa = PBXFileReference; lastKnownFileType = sourcecode.swift; path = CreateAccountViewModel.swift; sourceTree = "<group>"; };
		E27ABCE92724554A0057332A /* AccountValidator.swift */ = {isa = PBXFileReference; lastKnownFileType = sourcecode.swift; path = AccountValidator.swift; sourceTree = "<group>"; };
		E2B351C62726B60900010357 /* MyAppUITests.xctest */ = {isa = PBXFileReference; explicitFileType = wrapper.cfbundle; includeInIndex = 0; path = MyAppUITests.xctest; sourceTree = BUILT_PRODUCTS_DIR; };
		E2B351C82726B60900010357 /* CreateAccountUITests.swift */ = {isa = PBXFileReference; lastKnownFileType = sourcecode.swift; path = CreateAccountUITests.swift; sourceTree = "<group>"; };
		E2B351CA2726B60900010357 /* Info.plist */ = {isa = PBXFileReference; lastKnownFileType = text.plist.xml; path = Info.plist; sourceTree = "<group>"; };
		E2B351D22726B67F00010357 /* TestPlan.xctestplan */ = {isa = PBXFileReference; lastKnownFileType = text; path = TestPlan.xctestplan; sourceTree = "<group>"; };
		E2B351D82726C94800010357 /* Automator.swift */ = {isa = PBXFileReference; lastKnownFileType = sourcecode.swift; path = Automator.swift; sourceTree = "<group>"; };
		E2B351DF2726CAEB00010357 /* CreateAccount.swift */ = {isa = PBXFileReference; lastKnownFileType = sourcecode.swift; path = CreateAccount.swift; sourceTree = "<group>"; };
		E2B351E52726CCE100010357 /* UserInterface.swift */ = {isa = PBXFileReference; lastKnownFileType = sourcecode.swift; path = UserInterface.swift; sourceTree = "<group>"; };
/* End PBXFileReference section */

/* Begin PBXFrameworksBuildPhase section */
		E248440D271FCF1100203603 /* Frameworks */ = {
			isa = PBXFrameworksBuildPhase;
			buildActionMask = 2147483647;
			files = (
			);
			runOnlyForDeploymentPostprocessing = 0;
		};
		E2B351C32726B60900010357 /* Frameworks */ = {
			isa = PBXFrameworksBuildPhase;
			buildActionMask = 2147483647;
			files = (
			);
			runOnlyForDeploymentPostprocessing = 0;
		};
/* End PBXFrameworksBuildPhase section */

/* Begin PBXGroup section */
		E2484407271FCF1100203603 = {
			isa = PBXGroup;
			children = (
				E2484412271FCF1100203603 /* MyApp */,
				E2B351C72726B60900010357 /* MyAppUITests */,
				E2484411271FCF1100203603 /* Products */,
			);
			sourceTree = "<group>";
		};
		E2484411271FCF1100203603 /* Products */ = {
			isa = PBXGroup;
			children = (
				E2484410271FCF1100203603 /* MyApp.app */,
				E2B351C62726B60900010357 /* MyAppUITests.xctest */,
			);
			name = Products;
			sourceTree = "<group>";
		};
		E2484412271FCF1100203603 /* MyApp */ = {
			isa = PBXGroup;
			children = (
				E27ABCEF2724567B0057332A /* Managers */,
				E27ABCDF272453C80057332A /* View */,
				E2484413271FCF1100203603 /* MyAppApp.swift */,
				E2484417271FCF1900203603 /* Assets.xcassets */,
				E248441C271FCF1900203603 /* Info.plist */,
				E2484419271FCF1900203603 /* Preview Content */,
			);
			path = MyApp;
			sourceTree = "<group>";
		};
		E2484419271FCF1900203603 /* Preview Content */ = {
			isa = PBXGroup;
			children = (
				E248441A271FCF1900203603 /* Preview Assets.xcassets */,
			);
			path = "Preview Content";
			sourceTree = "<group>";
		};
		E27ABCDF272453C80057332A /* View */ = {
			isa = PBXGroup;
			children = (
				E27ABCE0272453DC0057332A /* Account */,
				E2B351E52726CCE100010357 /* UserInterface.swift */,
			);
			path = View;
			sourceTree = "<group>";
		};
		E27ABCE0272453DC0057332A /* Account */ = {
			isa = PBXGroup;
			children = (
				E2484415271FCF1100203603 /* CreateAccountView.swift */,
				E27ABCE1272454190057332A /* CreateAccountViewModel.swift */,
			);
			path = Account;
			sourceTree = "<group>";
		};
		E27ABCEF2724567B0057332A /* Managers */ = {
			isa = PBXGroup;
			children = (
				E27ABCE92724554A0057332A /* AccountValidator.swift */,
				E21A2380272442F600D0256C /* AccountManager.swift */,
			);
			path = Managers;
			sourceTree = "<group>";
		};
		E2B351C72726B60900010357 /* MyAppUITests */ = {
			isa = PBXGroup;
			children = (
				E2B351D82726C94800010357 /* Automator.swift */,
				E26136A22726D284004FC5D3 /* AssertConfig.swift */,
				E26136AA2726D2A3004FC5D3 /* AssertMagicTool.swift */,
				E2B351DE2726CAB000010357 /* CreateAccount */,
				E2B351D22726B67F00010357 /* TestPlan.xctestplan */,
				E2B351CA2726B60900010357 /* Info.plist */,
			);
			path = MyAppUITests;
			sourceTree = "<group>";
		};
		E2B351DE2726CAB000010357 /* CreateAccount */ = {
			isa = PBXGroup;
			children = (
				E2B351C82726B60900010357 /* CreateAccountUITests.swift */,
				E2B351DF2726CAEB00010357 /* CreateAccount.swift */,
			);
			path = CreateAccount;
			sourceTree = "<group>";
		};
/* End PBXGroup section */

/* Begin PBXNativeTarget section */
		E248440F271FCF1100203603 /* MyApp */ = {
			isa = PBXNativeTarget;
			buildConfigurationList = E2484435271FCF1900203603 /* Build configuration list for PBXNativeTarget "MyApp" */;
			buildPhases = (
				E248440C271FCF1100203603 /* Sources */,
				E248440D271FCF1100203603 /* Frameworks */,
				E248440E271FCF1100203603 /* Resources */,
			);
			buildRules = (
			);
			dependencies = (
			);
			name = MyApp;
			productName = MyApp;
			productReference = E2484410271FCF1100203603 /* MyApp.app */;
			productType = "com.apple.product-type.application";
		};
		E2B351C52726B60900010357 /* MyAppUITests */ = {
			isa = PBXNativeTarget;
			buildConfigurationList = E2B351CF2726B60900010357 /* Build configuration list for PBXNativeTarget "MyAppUITests" */;
			buildPhases = (
				E2B351C22726B60900010357 /* Sources */,
				E2B351C32726B60900010357 /* Frameworks */,
				E2B351C42726B60900010357 /* Resources */,
			);
			buildRules = (
			);
			dependencies = (
				E2B351CC2726B60900010357 /* PBXTargetDependency */,
			);
			name = MyAppUITests;
			productName = MyAppUITests;
			productReference = E2B351C62726B60900010357 /* MyAppUITests.xctest */;
			productType = "com.apple.product-type.bundle.ui-testing";
		};
/* End PBXNativeTarget section */

/* Begin PBXProject section */
		E2484408271FCF1100203603 /* Project object */ = {
			isa = PBXProject;
			attributes = {
				LastSwiftUpdateCheck = 1240;
				LastUpgradeCheck = 1240;
				TargetAttributes = {
					E248440F271FCF1100203603 = {
						CreatedOnToolsVersion = 12.4;
					};
					E2B351C52726B60900010357 = {
						CreatedOnToolsVersion = 12.4;
						TestTargetID = E248440F271FCF1100203603;
					};
				};
			};
			buildConfigurationList = E248440B271FCF1100203603 /* Build configuration list for PBXProject "MyApp" */;
			compatibilityVersion = "Xcode 9.3";
			developmentRegion = en;
			hasScannedForEncodings = 0;
			knownRegions = (
				en,
				Base,
			);
			mainGroup = E2484407271FCF1100203603;
			productRefGroup = E2484411271FCF1100203603 /* Products */;
			projectDirPath = "";
			projectRoot = "";
			targets = (
				E248440F271FCF1100203603 /* MyApp */,
				E2B351C52726B60900010357 /* MyAppUITests */,
			);
		};
/* End PBXProject section */

/* Begin PBXResourcesBuildPhase section */
		E248440E271FCF1100203603 /* Resources */ = {
			isa = PBXResourcesBuildPhase;
			buildActionMask = 2147483647;
			files = (
				E248441B271FCF1900203603 /* Preview Assets.xcassets in Resources */,
				E2484418271FCF1900203603 /* Assets.xcassets in Resources */,
			);
			runOnlyForDeploymentPostprocessing = 0;
		};
		E2B351C42726B60900010357 /* Resources */ = {
			isa = PBXResourcesBuildPhase;
			buildActionMask = 2147483647;
			files = (
			);
			runOnlyForDeploymentPostprocessing = 0;
		};
/* End PBXResourcesBuildPhase section */

/* Begin PBXSourcesBuildPhase section */
		E248440C271FCF1100203603 /* Sources */ = {
			isa = PBXSourcesBuildPhase;
			buildActionMask = 2147483647;
			files = (
				E2484416271FCF1100203603 /* CreateAccountView.swift in Sources */,
				E27ABCE2272454190057332A /* CreateAccountViewModel.swift in Sources */,
				E27ABCEA2724554A0057332A /* AccountValidator.swift in Sources */,
				E2484414271FCF1100203603 /* MyAppApp.swift in Sources */,
				E2B351E62726CCE100010357 /* UserInterface.swift in Sources */,
				E21A2381272442F600D0256C /* AccountManager.swift in Sources */,
			);
			runOnlyForDeploymentPostprocessing = 0;
		};
		E2B351C22726B60900010357 /* Sources */ = {
			isa = PBXSourcesBuildPhase;
			buildActionMask = 2147483647;
			files = (
				E2B351D92726C94800010357 /* Automator.swift in Sources */,
				E26136A32726D284004FC5D3 /* AssertConfig.swift in Sources */,
				E2B351E02726CAEB00010357 /* CreateAccount.swift in Sources */,
				E2B351E92726CFD800010357 /* UserInterface.swift in Sources */,
				E2B351C92726B60900010357 /* CreateAccountUITests.swift in Sources */,
				E26136AB2726D2A3004FC5D3 /* AssertMagicTool.swift in Sources */,
			);
			runOnlyForDeploymentPostprocessing = 0;
		};
/* End PBXSourcesBuildPhase section */

/* Begin PBXTargetDependency section */
		E2B351CC2726B60900010357 /* PBXTargetDependency */ = {
			isa = PBXTargetDependency;
			target = E248440F271FCF1100203603 /* MyApp */;
			targetProxy = E2B351CB2726B60900010357 /* PBXContainerItemProxy */;
		};
/* End PBXTargetDependency section */

/* Begin XCBuildConfiguration section */
		E2484433271FCF1900203603 /* Debug */ = {
			isa = XCBuildConfiguration;
			buildSettings = {
				ALWAYS_SEARCH_USER_PATHS = NO;
				CLANG_ANALYZER_NONNULL = YES;
				CLANG_ANALYZER_NUMBER_OBJECT_CONVERSION = YES_AGGRESSIVE;
				CLANG_CXX_LANGUAGE_STANDARD = "gnu++14";
				CLANG_CXX_LIBRARY = "libc++";
				CLANG_ENABLE_MODULES = YES;
				CLANG_ENABLE_OBJC_ARC = YES;
				CLANG_ENABLE_OBJC_WEAK = YES;
				CLANG_WARN_BLOCK_CAPTURE_AUTORELEASING = YES;
				CLANG_WARN_BOOL_CONVERSION = YES;
				CLANG_WARN_COMMA = YES;
				CLANG_WARN_CONSTANT_CONVERSION = YES;
				CLANG_WARN_DEPRECATED_OBJC_IMPLEMENTATIONS = YES;
				CLANG_WARN_DIRECT_OBJC_ISA_USAGE = YES_ERROR;
				CLANG_WARN_DOCUMENTATION_COMMENTS = YES;
				CLANG_WARN_EMPTY_BODY = YES;
				CLANG_WARN_ENUM_CONVERSION = YES;
				CLANG_WARN_INFINITE_RECURSION = YES;
				CLANG_WARN_INT_CONVERSION = YES;
				CLANG_WARN_NON_LITERAL_NULL_CONVERSION = YES;
				CLANG_WARN_OBJC_IMPLICIT_RETAIN_SELF = YES;
				CLANG_WARN_OBJC_LITERAL_CONVERSION = YES;
				CLANG_WARN_OBJC_ROOT_CLASS = YES_ERROR;
				CLANG_WARN_QUOTED_INCLUDE_IN_FRAMEWORK_HEADER = YES;
				CLANG_WARN_RANGE_LOOP_ANALYSIS = YES;
				CLANG_WARN_STRICT_PROTOTYPES = YES;
				CLANG_WARN_SUSPICIOUS_MOVE = YES;
				CLANG_WARN_UNGUARDED_AVAILABILITY = YES_AGGRESSIVE;
				CLANG_WARN_UNREACHABLE_CODE = YES;
				CLANG_WARN__DUPLICATE_METHOD_MATCH = YES;
				COPY_PHASE_STRIP = NO;
				DEBUG_INFORMATION_FORMAT = dwarf;
				ENABLE_STRICT_OBJC_MSGSEND = YES;
				ENABLE_TESTABILITY = YES;
				GCC_C_LANGUAGE_STANDARD = gnu11;
				GCC_DYNAMIC_NO_PIC = NO;
				GCC_NO_COMMON_BLOCKS = YES;
				GCC_OPTIMIZATION_LEVEL = 0;
				GCC_PREPROCESSOR_DEFINITIONS = (
					"DEBUG=1",
					"$(inherited)",
				);
				GCC_WARN_64_TO_32_BIT_CONVERSION = YES;
				GCC_WARN_ABOUT_RETURN_TYPE = YES_ERROR;
				GCC_WARN_UNDECLARED_SELECTOR = YES;
				GCC_WARN_UNINITIALIZED_AUTOS = YES_AGGRESSIVE;
				GCC_WARN_UNUSED_FUNCTION = YES;
				GCC_WARN_UNUSED_VARIABLE = YES;
				IPHONEOS_DEPLOYMENT_TARGET = 14.4;
				MTL_ENABLE_DEBUG_INFO = INCLUDE_SOURCE;
				MTL_FAST_MATH = YES;
				ONLY_ACTIVE_ARCH = YES;
				SDKROOT = iphoneos;
				SWIFT_ACTIVE_COMPILATION_CONDITIONS = DEBUG;
				SWIFT_OPTIMIZATION_LEVEL = "-Onone";
			};
			name = Debug;
		};
		E2484434271FCF1900203603 /* Release */ = {
			isa = XCBuildConfiguration;
			buildSettings = {
				ALWAYS_SEARCH_USER_PATHS = NO;
				CLANG_ANALYZER_NONNULL = YES;
				CLANG_ANALYZER_NUMBER_OBJECT_CONVERSION = YES_AGGRESSIVE;
				CLANG_CXX_LANGUAGE_STANDARD = "gnu++14";
				CLANG_CXX_LIBRARY = "libc++";
				CLANG_ENABLE_MODULES = YES;
				CLANG_ENABLE_OBJC_ARC = YES;
				CLANG_ENABLE_OBJC_WEAK = YES;
				CLANG_WARN_BLOCK_CAPTURE_AUTORELEASING = YES;
				CLANG_WARN_BOOL_CONVERSION = YES;
				CLANG_WARN_COMMA = YES;
				CLANG_WARN_CONSTANT_CONVERSION = YES;
				CLANG_WARN_DEPRECATED_OBJC_IMPLEMENTATIONS = YES;
				CLANG_WARN_DIRECT_OBJC_ISA_USAGE = YES_ERROR;
				CLANG_WARN_DOCUMENTATION_COMMENTS = YES;
				CLANG_WARN_EMPTY_BODY = YES;
				CLANG_WARN_ENUM_CONVERSION = YES;
				CLANG_WARN_INFINITE_RECURSION = YES;
				CLANG_WARN_INT_CONVERSION = YES;
				CLANG_WARN_NON_LITERAL_NULL_CONVERSION = YES;
				CLANG_WARN_OBJC_IMPLICIT_RETAIN_SELF = YES;
				CLANG_WARN_OBJC_LITERAL_CONVERSION = YES;
				CLANG_WARN_OBJC_ROOT_CLASS = YES_ERROR;
				CLANG_WARN_QUOTED_INCLUDE_IN_FRAMEWORK_HEADER = YES;
				CLANG_WARN_RANGE_LOOP_ANALYSIS = YES;
				CLANG_WARN_STRICT_PROTOTYPES = YES;
				CLANG_WARN_SUSPICIOUS_MOVE = YES;
				CLANG_WARN_UNGUARDED_AVAILABILITY = YES_AGGRESSIVE;
				CLANG_WARN_UNREACHABLE_CODE = YES;
				CLANG_WARN__DUPLICATE_METHOD_MATCH = YES;
				COPY_PHASE_STRIP = NO;
				DEBUG_INFORMATION_FORMAT = "dwarf-with-dsym";
				ENABLE_NS_ASSERTIONS = NO;
				ENABLE_STRICT_OBJC_MSGSEND = YES;
				GCC_C_LANGUAGE_STANDARD = gnu11;
				GCC_NO_COMMON_BLOCKS = YES;
				GCC_WARN_64_TO_32_BIT_CONVERSION = YES;
				GCC_WARN_ABOUT_RETURN_TYPE = YES_ERROR;
				GCC_WARN_UNDECLARED_SELECTOR = YES;
				GCC_WARN_UNINITIALIZED_AUTOS = YES_AGGRESSIVE;
				GCC_WARN_UNUSED_FUNCTION = YES;
				GCC_WARN_UNUSED_VARIABLE = YES;
				IPHONEOS_DEPLOYMENT_TARGET = 14.4;
				MTL_ENABLE_DEBUG_INFO = NO;
				MTL_FAST_MATH = YES;
				SDKROOT = iphoneos;
				SWIFT_COMPILATION_MODE = wholemodule;
				SWIFT_OPTIMIZATION_LEVEL = "-O";
				VALIDATE_PRODUCT = YES;
			};
			name = Release;
		};
		E2484436271FCF1900203603 /* Debug */ = {
			isa = XCBuildConfiguration;
			buildSettings = {
				ASSETCATALOG_COMPILER_APPICON_NAME = AppIcon;
				ASSETCATALOG_COMPILER_GLOBAL_ACCENT_COLOR_NAME = AccentColor;
				CODE_SIGN_STYLE = Automatic;
				DEVELOPMENT_ASSET_PATHS = "\"MyApp/Preview Content\"";
				DEVELOPMENT_TEAM = "";
				ENABLE_PREVIEWS = YES;
				INFOPLIST_FILE = MyApp/Info.plist;
				IPHONEOS_DEPLOYMENT_TARGET = 14.0;
				LD_RUNPATH_SEARCH_PATHS = (
					"$(inherited)",
					"@executable_path/Frameworks",
				);
				PRODUCT_BUNDLE_IDENTIFIER = "com.melon-it.MyApp";
				PRODUCT_NAME = "$(TARGET_NAME)";
				SWIFT_VERSION = 5.0;
				TARGETED_DEVICE_FAMILY = "1,2";
			};
			name = Debug;
		};
		E2484437271FCF1900203603 /* Release */ = {
			isa = XCBuildConfiguration;
			buildSettings = {
				ASSETCATALOG_COMPILER_APPICON_NAME = AppIcon;
				ASSETCATALOG_COMPILER_GLOBAL_ACCENT_COLOR_NAME = AccentColor;
				CODE_SIGN_STYLE = Automatic;
				DEVELOPMENT_ASSET_PATHS = "\"MyApp/Preview Content\"";
				DEVELOPMENT_TEAM = "";
				ENABLE_PREVIEWS = YES;
				INFOPLIST_FILE = MyApp/Info.plist;
				IPHONEOS_DEPLOYMENT_TARGET = 14.0;
				LD_RUNPATH_SEARCH_PATHS = (
					"$(inherited)",
					"@executable_path/Frameworks",
				);
				PRODUCT_BUNDLE_IDENTIFIER = "com.melon-it.MyApp";
				PRODUCT_NAME = "$(TARGET_NAME)";
				SWIFT_VERSION = 5.0;
				TARGETED_DEVICE_FAMILY = "1,2";
			};
			name = Release;
		};
		E2B351CD2726B60900010357 /* Debug */ = {
			isa = XCBuildConfiguration;
			buildSettings = {
				CODE_SIGN_STYLE = Automatic;
				DEVELOPMENT_TEAM = 5D82T9BQTX;
				INFOPLIST_FILE = MyAppUITests/Info.plist;
				LD_RUNPATH_SEARCH_PATHS = (
					"$(inherited)",
					"@executable_path/Frameworks",
					"@loader_path/Frameworks",
				);
				PRODUCT_BUNDLE_IDENTIFIER = "com.melon-it.MyAppUITests";
				PRODUCT_NAME = "$(TARGET_NAME)";
				SWIFT_VERSION = 5.0;
				TARGETED_DEVICE_FAMILY = "1,2";
				TEST_TARGET_NAME = MyApp;
			};
			name = Debug;
		};
		E2B351CE2726B60900010357 /* Release */ = {
			isa = XCBuildConfiguration;
			buildSettings = {
				CODE_SIGN_STYLE = Automatic;
				DEVELOPMENT_TEAM = 5D82T9BQTX;
				INFOPLIST_FILE = MyAppUITests/Info.plist;
				LD_RUNPATH_SEARCH_PATHS = (
					"$(inherited)",
					"@executable_path/Frameworks",
					"@loader_path/Frameworks",
				);
				PRODUCT_BUNDLE_IDENTIFIER = "com.melon-it.MyAppUITests";
				PRODUCT_NAME = "$(TARGET_NAME)";
				SWIFT_VERSION = 5.0;
				TARGETED_DEVICE_FAMILY = "1,2";
				TEST_TARGET_NAME = MyApp;
			};
			name = Release;
		};
/* End XCBuildConfiguration section */

/* Begin XCConfigurationList section */
		E248440B271FCF1100203603 /* Build configuration list for PBXProject "MyApp" */ = {
			isa = XCConfigurationList;
			buildConfigurations = (
				E2484433271FCF1900203603 /* Debug */,
				E2484434271FCF1900203603 /* Release */,
			);
			defaultConfigurationIsVisible = 0;
			defaultConfigurationName = Release;
		};
		E2484435271FCF1900203603 /* Build configuration list for PBXNativeTarget "MyApp" */ = {
			isa = XCConfigurationList;
			buildConfigurations = (
				E2484436271FCF1900203603 /* Debug */,
				E2484437271FCF1900203603 /* Release */,
			);
			defaultConfigurationIsVisible = 0;
			defaultConfigurationName = Release;
		};
		E2B351CF2726B60900010357 /* Build configuration list for PBXNativeTarget "MyAppUITests" */ = {
			isa = XCConfigurationList;
			buildConfigurations = (
				E2B351CD2726B60900010357 /* Debug */,
				E2B351CE2726B60900010357 /* Release */,
			);
			defaultConfigurationIsVisible = 0;
			defaultConfigurationName = Release;
		};
/* End XCConfigurationList section */
	};
	rootObject = E2484408271FCF1100203603 /* Project object */;
}
